
Microsoft Visual Studio Solution File, Format Version 12.00
# Visual Studio Version 16
VisualStudioVersion = 16.0.30804.86
MinimumVisualStudioVersion = 15.0.26124.0
Project("{9A19103F-16F7-4668-BE54-9A1E7A4F7556}") = "Alto", "Alto\Alto.csproj", "{C5DB3F2A-6053-40B2-A46C-04CD4F9736FD}"
EndProject
Project("{2150E333-8FDC-42A3-9474-1A3956D46DE8}") = "Tests", "Tests", "{D947DAFD-E21B-4893-A998-4C3CD8DA7A29}"
EndProject
Project("{FAE04EC0-301F-11D3-BF4B-00C04F79EFBC}") = "Alto.Tests", "Tests\Alto.Tests\Alto.Tests.csproj", "{43DA6914-3A53-4369-AFA7-7F427EF7D21F}"
EndProject
Project("{9A19103F-16F7-4668-BE54-9A1E7A4F7556}") = "Alto.Tests", "Alto.Tests\Alto.Tests.csproj", "{6D9D9B3B-0511-4181-81C0-C855C9B1C5D3}"
EndProject
Project("{9A19103F-16F7-4668-BE54-9A1E7A4F7556}") = "aoi", "aoi\aoi.csproj", "{692E7ED0-7813-429E-B58F-920A1F7A2F61}"
EndProject
Project("{FAE04EC0-301F-11D3-BF4B-00C04F79EFBC}") = "aoc", "aoc\aoc.csproj", "{92F3DCE7-010B-433D-A6A6-0A742EE29CFF}"
EndProject
Global
	GlobalSection(SolutionConfigurationPlatforms) = preSolution
		Debug|Any CPU = Debug|Any CPU
		Debug|x64 = Debug|x64
		Debug|x86 = Debug|x86
		Release|Any CPU = Release|Any CPU
		Release|x64 = Release|x64
		Release|x86 = Release|x86
	EndGlobalSection
	GlobalSection(ProjectConfigurationPlatforms) = postSolution
		{C5DB3F2A-6053-40B2-A46C-04CD4F9736FD}.Debug|Any CPU.ActiveCfg = Debug|Any CPU
		{C5DB3F2A-6053-40B2-A46C-04CD4F9736FD}.Debug|Any CPU.Build.0 = Debug|Any CPU
		{C5DB3F2A-6053-40B2-A46C-04CD4F9736FD}.Debug|x64.ActiveCfg = Debug|Any CPU
		{C5DB3F2A-6053-40B2-A46C-04CD4F9736FD}.Debug|x64.Build.0 = Debug|Any CPU
		{C5DB3F2A-6053-40B2-A46C-04CD4F9736FD}.Debug|x86.ActiveCfg = Debug|Any CPU
		{C5DB3F2A-6053-40B2-A46C-04CD4F9736FD}.Debug|x86.Build.0 = Debug|Any CPU
		{C5DB3F2A-6053-40B2-A46C-04CD4F9736FD}.Release|Any CPU.ActiveCfg = Release|Any CPU
		{C5DB3F2A-6053-40B2-A46C-04CD4F9736FD}.Release|Any CPU.Build.0 = Release|Any CPU
		{C5DB3F2A-6053-40B2-A46C-04CD4F9736FD}.Release|x64.ActiveCfg = Release|Any CPU
		{C5DB3F2A-6053-40B2-A46C-04CD4F9736FD}.Release|x64.Build.0 = Release|Any CPU
		{C5DB3F2A-6053-40B2-A46C-04CD4F9736FD}.Release|x86.ActiveCfg = Release|Any CPU
		{C5DB3F2A-6053-40B2-A46C-04CD4F9736FD}.Release|x86.Build.0 = Release|Any CPU
		{43DA6914-3A53-4369-AFA7-7F427EF7D21F}.Debug|Any CPU.ActiveCfg = Debug|Any CPU
		{43DA6914-3A53-4369-AFA7-7F427EF7D21F}.Debug|Any CPU.Build.0 = Debug|Any CPU
		{43DA6914-3A53-4369-AFA7-7F427EF7D21F}.Debug|x64.ActiveCfg = Debug|Any CPU
		{43DA6914-3A53-4369-AFA7-7F427EF7D21F}.Debug|x64.Build.0 = Debug|Any CPU
		{43DA6914-3A53-4369-AFA7-7F427EF7D21F}.Debug|x86.ActiveCfg = Debug|Any CPU
		{43DA6914-3A53-4369-AFA7-7F427EF7D21F}.Debug|x86.Build.0 = Debug|Any CPU
		{43DA6914-3A53-4369-AFA7-7F427EF7D21F}.Release|Any CPU.ActiveCfg = Release|Any CPU
		{43DA6914-3A53-4369-AFA7-7F427EF7D21F}.Release|Any CPU.Build.0 = Release|Any CPU
		{43DA6914-3A53-4369-AFA7-7F427EF7D21F}.Release|x64.ActiveCfg = Release|Any CPU
		{43DA6914-3A53-4369-AFA7-7F427EF7D21F}.Release|x64.Build.0 = Release|Any CPU
		{43DA6914-3A53-4369-AFA7-7F427EF7D21F}.Release|x86.ActiveCfg = Release|Any CPU
		{43DA6914-3A53-4369-AFA7-7F427EF7D21F}.Release|x86.Build.0 = Release|Any CPU
		{6D9D9B3B-0511-4181-81C0-C855C9B1C5D3}.Debug|Any CPU.ActiveCfg = Debug|Any CPU
		{6D9D9B3B-0511-4181-81C0-C855C9B1C5D3}.Debug|Any CPU.Build.0 = Debug|Any CPU
		{6D9D9B3B-0511-4181-81C0-C855C9B1C5D3}.Debug|x64.ActiveCfg = Debug|Any CPU
		{6D9D9B3B-0511-4181-81C0-C855C9B1C5D3}.Debug|x64.Build.0 = Debug|Any CPU
		{6D9D9B3B-0511-4181-81C0-C855C9B1C5D3}.Debug|x86.ActiveCfg = Debug|Any CPU
		{6D9D9B3B-0511-4181-81C0-C855C9B1C5D3}.Debug|x86.Build.0 = Debug|Any CPU
		{6D9D9B3B-0511-4181-81C0-C855C9B1C5D3}.Release|Any CPU.ActiveCfg = Release|Any CPU
		{6D9D9B3B-0511-4181-81C0-C855C9B1C5D3}.Release|Any CPU.Build.0 = Release|Any CPU
		{6D9D9B3B-0511-4181-81C0-C855C9B1C5D3}.Release|x64.ActiveCfg = Release|Any CPU
		{6D9D9B3B-0511-4181-81C0-C855C9B1C5D3}.Release|x64.Build.0 = Release|Any CPU
		{6D9D9B3B-0511-4181-81C0-C855C9B1C5D3}.Release|x86.ActiveCfg = Release|Any CPU
		{6D9D9B3B-0511-4181-81C0-C855C9B1C5D3}.Release|x86.Build.0 = Release|Any CPU
		{692E7ED0-7813-429E-B58F-920A1F7A2F61}.Debug|Any CPU.ActiveCfg = Debug|Any CPU
		{692E7ED0-7813-429E-B58F-920A1F7A2F61}.Debug|Any CPU.Build.0 = Debug|Any CPU
		{692E7ED0-7813-429E-B58F-920A1F7A2F61}.Debug|x64.ActiveCfg = Debug|Any CPU
		{692E7ED0-7813-429E-B58F-920A1F7A2F61}.Debug|x64.Build.0 = Debug|Any CPU
		{692E7ED0-7813-429E-B58F-920A1F7A2F61}.Debug|x86.ActiveCfg = Debug|Any CPU
		{692E7ED0-7813-429E-B58F-920A1F7A2F61}.Debug|x86.Build.0 = Debug|Any CPU
		{692E7ED0-7813-429E-B58F-920A1F7A2F61}.Release|Any CPU.ActiveCfg = Release|Any CPU
		{692E7ED0-7813-429E-B58F-920A1F7A2F61}.Release|Any CPU.Build.0 = Release|Any CPU
		{692E7ED0-7813-429E-B58F-920A1F7A2F61}.Release|x64.ActiveCfg = Release|Any CPU
		{692E7ED0-7813-429E-B58F-920A1F7A2F61}.Release|x64.Build.0 = Release|Any CPU
		{692E7ED0-7813-429E-B58F-920A1F7A2F61}.Release|x86.ActiveCfg = Release|Any CPU
		{692E7ED0-7813-429E-B58F-920A1F7A2F61}.Release|x86.Build.0 = Release|Any CPU
		{92F3DCE7-010B-433D-A6A6-0A742EE29CFF}.Debug|Any CPU.ActiveCfg = Debug|Any CPU
		{92F3DCE7-010B-433D-A6A6-0A742EE29CFF}.Debug|Any CPU.Build.0 = Debug|Any CPU
		{92F3DCE7-010B-433D-A6A6-0A742EE29CFF}.Debug|x64.ActiveCfg = Debug|Any CPU
		{92F3DCE7-010B-433D-A6A6-0A742EE29CFF}.Debug|x64.Build.0 = Debug|Any CPU
		{92F3DCE7-010B-433D-A6A6-0A742EE29CFF}.Debug|x86.ActiveCfg = Debug|Any CPU
		{92F3DCE7-010B-433D-A6A6-0A742EE29CFF}.Debug|x86.Build.0 = Debug|Any CPU
		{92F3DCE7-010B-433D-A6A6-0A742EE29CFF}.Release|Any CPU.ActiveCfg = Release|Any CPU
		{92F3DCE7-010B-433D-A6A6-0A742EE29CFF}.Release|Any CPU.Build.0 = Release|Any CPU
		{92F3DCE7-010B-433D-A6A6-0A742EE29CFF}.Release|x64.ActiveCfg = Release|Any CPU
		{92F3DCE7-010B-433D-A6A6-0A742EE29CFF}.Release|x64.Build.0 = Release|Any CPU
		{92F3DCE7-010B-433D-A6A6-0A742EE29CFF}.Release|x86.ActiveCfg = Release|Any CPU
		{92F3DCE7-010B-433D-A6A6-0A742EE29CFF}.Release|x86.Build.0 = Release|Any CPU
	EndGlobalSection
	GlobalSection(SolutionProperties) = preSolution
		HideSolutionNode = FALSE
	EndGlobalSection
	GlobalSection(NestedProjects) = preSolution
		{43DA6914-3A53-4369-AFA7-7F427EF7D21F} = {D947DAFD-E21B-4893-A998-4C3CD8DA7A29}
	EndGlobalSection
	GlobalSection(ExtensibilityGlobals) = postSolution
		SolutionGuid = {85703FE8-6DA6-415B-BC24-537CFD3CA528}
	EndGlobalSection
EndGlobal
